
Microsoft Visual Studio Solution File, Format Version 12.00
# Visual Studio Version 17
VisualStudioVersion = 17.4.33213.308
MinimumVisualStudioVersion = 10.0.40219.1
Project("{FAE04EC0-301F-11D3-BF4B-00C04F79EFBC}") = "Ejercisios", "Ejercisios\Ejercisios.csproj", "{20E75F2E-7484-4B9A-A15E-6C9399CBB66C}"
EndProject
Global
	GlobalSection(SolutionConfigurationPlatforms) = preSolution
		Debug|Any CPU = Debug|Any CPU
		Release|Any CPU = Release|Any CPU
	EndGlobalSection
	GlobalSection(ProjectConfigurationPlatforms) = postSolution
		{20E75F2E-7484-4B9A-A15E-6C9399CBB66C}.Debug|Any CPU.ActiveCfg = Debug|Any CPU
		{20E75F2E-7484-4B9A-A15E-6C9399CBB66C}.Debug|Any CPU.Build.0 = Debug|Any CPU
		{20E75F2E-7484-4B9A-A15E-6C9399CBB66C}.Release|Any CPU.ActiveCfg = Release|Any CPU
		{20E75F2E-7484-4B9A-A15E-6C9399CBB66C}.Release|Any CPU.Build.0 = Release|Any CPU
	EndGlobalSection
	GlobalSection(SolutionProperties) = preSolution
		HideSolutionNode = FALSE
	EndGlobalSection
	GlobalSection(ExtensibilityGlobals) = postSolution
		SolutionGuid = {CBF1B25C-360B-4579-A6F1-8127CE3A1E75}
	EndGlobalSection
EndGlobal
